
Microsoft Visual Studio Solution File, Format Version 12.00
# Visual Studio 14
VisualStudioVersion = 14.0.24720.0
MinimumVisualStudioVersion = 10.0.40219.1
Project("{FAE04EC0-301F-11D3-BF4B-00C04F79EFBC}") = "BoilerCode", "BoilerCode\BoilerCode.csproj", "{3A5EFAAE-4D09-4347-BC81-36CD9DE41C39}"
EndProject
Project("{FAE04EC0-301F-11D3-BF4B-00C04F79EFBC}") = "Boiler.Data", "Boiler.Data\Boiler.Data.csproj", "{7BFBD749-B5D2-4E4A-8591-320E8E579BF6}"
EndProject
Global
	GlobalSection(SolutionConfigurationPlatforms) = preSolution
		Debug|Any CPU = Debug|Any CPU
		Release|Any CPU = Release|Any CPU
	EndGlobalSection
	GlobalSection(ProjectConfigurationPlatforms) = postSolution
		{3A5EFAAE-4D09-4347-BC81-36CD9DE41C39}.Debug|Any CPU.ActiveCfg = Debug|Any CPU
		{3A5EFAAE-4D09-4347-BC81-36CD9DE41C39}.Debug|Any CPU.Build.0 = Debug|Any CPU
		{3A5EFAAE-4D09-4347-BC81-36CD9DE41C39}.Release|Any CPU.ActiveCfg = Release|Any CPU
		{3A5EFAAE-4D09-4347-BC81-36CD9DE41C39}.Release|Any CPU.Build.0 = Release|Any CPU
		{7BFBD749-B5D2-4E4A-8591-320E8E579BF6}.Debug|Any CPU.ActiveCfg = Debug|Any CPU
		{7BFBD749-B5D2-4E4A-8591-320E8E579BF6}.Debug|Any CPU.Build.0 = Debug|Any CPU
		{7BFBD749-B5D2-4E4A-8591-320E8E579BF6}.Release|Any CPU.ActiveCfg = Release|Any CPU
		{7BFBD749-B5D2-4E4A-8591-320E8E579BF6}.Release|Any CPU.Build.0 = Release|Any CPU
	EndGlobalSection
	GlobalSection(SolutionProperties) = preSolution
		HideSolutionNode = FALSE
	EndGlobalSection
EndGlobal
